# @generated - this file is auto-generated by `mise lock` https://mise.jdx.dev/dev-tools/mise-lock.html

lockfile_version = 1

[[tools."aqua:LuaLS/lua-language-server"]]
version = "3.19.1"
backend = "aqua:LuaLS/lua-language-server"
specifiers = ["latest"]

[tools."aqua:LuaLS/lua-language-server"."platforms.linux-x64"]
checksum = "sha256:e9235d2d72ef55bc41cf8c99cda2ed64777682024b4bb81f5dea425060c5cbb8"
url = "https://github.com/LuaLS/lua-language-server/releases/download/3.19.1/lua-language-server-3.19.1-linux-x64.tar.gz"
url_api = "https://api.github.com/repos/LuaLS/lua-language-server/releases/assets/513572259"

[[tools."aqua:astral-sh/ruff"]]
version = "0.16.5"
backend = "aqua:astral-sh/ruff"
specifiers = ["latest"]

[tools."aqua:astral-sh/ruff"."platforms.linux-x64"]
checksum = "sha256:65b8bae7e43f12a91b71036a52176012b3aefb725d5ae263e2771474110a0983"
url = "https://github.com/astral-sh/ruff/releases/download/0.16.5/ruff-x86_64-unknown-linux-gnu.tar.gz"
url_api = "https://api.github.com/repos/astral-sh/ruff/releases/assets/532582898"
provenance = "github-attestations"

[[tools."aqua:biomejs/biome"]]
version = "2.5.11"
backend = "aqua:biomejs/biome"
specifiers = ["latest"]

[tools."aqua:biomejs/biome"."platforms.linux-x64"]
checksum = "sha256:629a72d30e5b625b70723a651c510c0c2d4adc7c9b7334a690afe848ba4426ce"
url = "https://github.com/biomejs/biome/releases/download/%40biomejs/biome%402.5.11/biome-linux-x64"
url_api = "https://api.github.com/repos/biomejs/biome/releases/assets/532854966"
provenance = "github-attestations"

[[tools."aqua:jesseduffield/lazydocker"]]
version = "0.25.2"
backend = "aqua:jesseduffield/lazydocker"
specifiers = ["latest"]

[tools."aqua:jesseduffield/lazydocker"."platforms.linux-x64"]
checksum = "sha256:0d9dbfc26068b218e7ed84b104748cadc6e3cf733c0afd35465306fb39b9523c"
url = "https://github.com/jesseduffield/lazydocker/releases/download/v0.25.2/lazydocker_0.25.2_Linux_x86_64.tar.gz"
url_api = "https://api.github.com/repos/jesseduffield/lazydocker/releases/assets/399711577"

[[tools."aqua:jesseduffield/lazygit"]]
version = "0.64.1"
backend = "aqua:jesseduffield/lazygit"
specifiers = ["latest"]

[tools."aqua:jesseduffield/lazygit"."platforms.linux-x64"]
checksum = "sha256:f8ea237c41f194cd799b48505518bfdaae4edf5a2ad6bd3d898e939785ee4532"
url = "https://github.com/jesseduffield/lazygit/releases/download/v0.64.1/lazygit_0.64.1_linux_x86_64.tar.gz"
url_api = "https://api.github.com/repos/jesseduffield/lazygit/releases/assets/511894209"

[[tools."aqua:k1LoW/deck"]]
version = "1.24.1"
backend = "aqua:k1LoW/deck"
specifiers = ["latest"]

[tools."aqua:k1LoW/deck"."platforms.linux-x64"]
checksum = "sha256:d7e3915b4647cbca994942edf7699e72072da2d51a219494cda90d61f3896956"
url = "https://github.com/k1LoW/deck/releases/download/v1.24.1/deck_v1.24.1_linux_amd64.tar.gz"
url_api = "https://api.github.com/repos/k1LoW/deck/releases/assets/469115745"

[[tools."aqua:k1LoW/git-wt"]]
version = "0.29.1"
backend = "aqua:k1LoW/git-wt"
specifiers = ["latest"]

[tools."aqua:k1LoW/git-wt"."platforms.linux-x64"]
checksum = "sha256:37178ebc756598a9b28e76ef65e8931226a5faf9784b72b1596bdb0e7c15bb23"
url = "https://github.com/k1LoW/git-wt/releases/download/v0.29.1/git-wt_v0.29.1_linux_amd64.tar.gz"
url_api = "https://api.github.com/repos/k1LoW/git-wt/releases/assets/513764467"

[[tools."aqua:k1LoW/tcmux"]]
version = "0.4.0"
backend = "aqua:k1LoW/tcmux"
specifiers = ["latest"]

[tools."aqua:k1LoW/tcmux"."platforms.linux-x64"]
checksum = "sha256:9870f9939818c503b1d679eb6731fe113544ed0164f5328f7f57883a1f1dcbb4"
url = "https://github.com/k1LoW/tcmux/releases/download/v0.4.0/tcmux_v0.4.0_linux_amd64.tar.gz"
url_api = "https://api.github.com/repos/k1LoW/tcmux/releases/assets/370416459"

[[tools."aqua:koalaman/shellcheck"]]
version = "0.11.0"
backend = "aqua:koalaman/shellcheck"
specifiers = ["latest"]

[tools."aqua:koalaman/shellcheck"."platforms.linux-x64"]
checksum = "sha256:8c3be12b05d5c177a04c29e3c78ce89ac86f1595681cab149b65b97c4e227198"
url = "https://github.com/koalaman/shellcheck/releases/download/v0.11.0/shellcheck-v0.11.0.linux.x86_64.tar.xz"
url_api = "https://api.github.com/repos/koalaman/shellcheck/releases/assets/279056942"

[[tools."aqua:marp-team/marp-cli"]]
version = "4.5.0"
backend = "aqua:marp-team/marp-cli"
specifiers = ["latest"]

[tools."aqua:marp-team/marp-cli"."platforms.linux-x64"]
checksum = "sha256:ae46ff054919dccd20f2402fd1747a2363ab2dc5a652f2d589df211ed5e26d88"
url = "https://github.com/marp-team/marp-cli/releases/download/v4.5.0/marp-cli-v4.5.0-linux.tar.gz"
url_api = "https://api.github.com/repos/marp-team/marp-cli/releases/assets/480912019"

[[tools."aqua:modem-dev/hunk"]]
version = "0.20.1"
backend = "aqua:modem-dev/hunk"
specifiers = ["latest"]

[tools."aqua:modem-dev/hunk"."platforms.linux-x64"]
checksum = "sha256:889e338a1b0fcfdd69a5ece8d776cab58e0222b9ef4784f2fa519ade87b437c8"
url = "https://github.com/modem-dev/hunk/releases/download/v0.20.1/hunkdiff-linux-x64.tar.gz"
url_api = "https://api.github.com/repos/modem-dev/hunk/releases/assets/535228769"

[[tools."aqua:mvdan/sh"]]
version = "3.14.0"
backend = "aqua:mvdan/sh"
specifiers = ["latest"]

[tools."aqua:mvdan/sh"."platforms.linux-x64"]
checksum = "sha256:fe42021c7272ef2d67ea36cbc3031683c625d0badec733ef3a57b567246a0b66"
url = "https://github.com/mvdan/sh/releases/download/v3.14.0/shfmt_v3.14.0_linux_amd64"
url_api = "https://api.github.com/repos/mvdan/sh/releases/assets/534119985"

[[tools."aqua:neovim/neovim"]]
version = "0.12.5"
backend = "aqua:neovim/neovim"
specifiers = ["latest"]

[tools."aqua:neovim/neovim"."platforms.linux-x64"]
checksum = "sha256:bce0f56eda1f1b1db6eee8f4133d7a38813ea07933837dd1777411ca384c6875"
url = "https://github.com/neovim/neovim/releases/download/v0.12.5/nvim-linux-x86_64.tar.gz"
url_api = "https://api.github.com/repos/neovim/neovim/releases/assets/526503737"

[[tools."aqua:rvben/rumdl"]]
version = "0.2.62"
backend = "aqua:rvben/rumdl"
specifiers = ["latest"]

[tools."aqua:rvben/rumdl"."platforms.linux-x64"]
checksum = "sha256:12058de9ab5e0078a468d11bd1a8c5b79f69768a15c06832cebde715075ed893"
url = "https://github.com/rvben/rumdl/releases/download/v0.2.62/rumdl-v0.2.62-x86_64-unknown-linux-gnu.tar.gz"
url_api = "https://api.github.com/repos/rvben/rumdl/releases/assets/532322356"
provenance = "github-attestations"

[[tools."aqua:tree-sitter/tree-sitter"]]
version = "0.27.0"
backend = "aqua:tree-sitter/tree-sitter"
specifiers = ["latest"]

[tools."aqua:tree-sitter/tree-sitter"."platforms.linux-x64"]
checksum = "sha256:20a1f39ec1c45f2211492dcb8881c802b643b554bb196869a29ac3778277fa77"
url = "https://github.com/tree-sitter/tree-sitter/releases/download/v0.27.0/tree-sitter-linux-x64.gz"
url_api = "https://api.github.com/repos/tree-sitter/tree-sitter/releases/assets/536857303"
provenance = "github-attestations"

[[tools."aqua:x-motemen/ghq"]]
version = "1.10.1"
backend = "aqua:x-motemen/ghq"
specifiers = ["latest"]

[tools."aqua:x-motemen/ghq"."platforms.linux-x64"]
checksum = "sha256:32e380aa8ac76fdd58758cc06174d9ee5db7270bd0cbcc18138b5d36def91b6b"
url = "https://github.com/x-motemen/ghq/releases/download/v1.10.1/ghq_linux_amd64.zip"
url_api = "https://api.github.com/repos/x-motemen/ghq/releases/assets/394135802"

[[tools.aws]]
version = "2.36.38"
backend = "aqua:aws/aws-cli"
specifiers = ["latest"]

[tools.aws."platforms.linux-x64"]
checksum = "blake3:187e708bfc4f8c8f77dbd639f41341db7c9580fbf58096b087e8915209d7b4fd"
url = "https://awscli.amazonaws.com/awscli-exe-linux-x86_64-2.36.38.zip"

[[tools.bat]]
version = "0.26.1"
backend = "aqua:sharkdp/bat"
specifiers = ["latest"]

[tools.bat."platforms.linux-x64"]
checksum = "sha256:726f04c8f576a7fd18b7634f1bbf2f915c43494c1c0f013baa3287edb0d5a2a3"
url = "https://github.com/sharkdp/bat/releases/download/v0.26.1/bat-v0.26.1-x86_64-unknown-linux-gnu.tar.gz"
url_api = "https://api.github.com/repos/sharkdp/bat/releases/assets/323549181"

[[tools.bottom]]
version = "0.14.9"
backend = "aqua:ClementTsang/bottom"
specifiers = ["latest"]

[tools.bottom."platforms.linux-x64"]
checksum = "sha256:e0c325829e8bdcea25a8a7651da05dbb6f1fc109ac5d2f0187867d3d5d9c0df8"
url = "https://github.com/ClementTsang/bottom/releases/download/0.14.9/bottom_x86_64-unknown-linux-gnu.tar.gz"
url_api = "https://api.github.com/repos/ClementTsang/bottom/releases/assets/531978159"
provenance = "github-attestations"

[[tools.bun]]
version = "1.4.0"
backend = "core:bun"
specifiers = ["latest"]

[tools.bun."platforms.linux-x64"]
checksum = "sha256:2d03fb5fb83ac8b567aca0a281b2ce1a1a19d488f56c2968d88c3f25e92fe452"
url = "https://github.com/oven-sh/bun/releases/download/bun-v1.4.0/bun-linux-x64.zip"

[tools.bun."platforms.linux-x64-baseline"]
checksum = "sha256:184fb4595f0d401a217cf7c78c1bc430ba83314dab7a8b94805babbf7fa7097f"
url = "https://github.com/oven-sh/bun/releases/download/bun-v1.4.0/bun-linux-x64-baseline.zip"

[tools.bun."platforms.linux-x64-musl"]
checksum = "sha256:83b5f12fd258dd8d4fdcaea65ede954366aa717dab399e20093ecab280d54e7a"
url = "https://github.com/oven-sh/bun/releases/download/bun-v1.4.0/bun-linux-x64-musl.zip"

[tools.bun."platforms.linux-x64-musl-baseline"]
checksum = "sha256:618c4bc1f94b02337ee210003c0b7c066f11548a8cdc5109df10db043dc47ca2"
url = "https://github.com/oven-sh/bun/releases/download/bun-v1.4.0/bun-linux-x64-musl-baseline.zip"

[[tools.delta]]
version = "0.19.2"
backend = "aqua:dandavison/delta"
specifiers = ["latest"]

[tools.delta."platforms.linux-x64"]
checksum = "sha256:8e695c5f586a8c53d6c3b01be0b4a422ed218bfed2a56191caebe373a1c18ab2"
url = "https://github.com/dandavison/delta/releases/download/0.19.2/delta-0.19.2-x86_64-unknown-linux-gnu.tar.gz"
url_api = "https://api.github.com/repos/dandavison/delta/releases/assets/383662069"

[[tools.deno]]
version = "2.9.6"
backend = "core:deno"
specifiers = ["latest"]

[tools.deno."platforms.linux-x64"]
checksum = "sha256:394f07f4da2bebe6ce6f1e7ce0fa16429b29b08c35e3fac3fe25972676dff4b2"
url = "https://dl.deno.land/release/v2.9.6/deno-x86_64-unknown-linux-gnu.zip"

[[tools.eza]]
version = "0.23.5"
backend = "aqua:eza-community/eza"
specifiers = ["latest"]

[tools.eza."platforms.linux-x64"]
checksum = "sha256:35c70c5c43c29108075e58b893234c67ef585f0b53a7eaf8e9e7d4eec9f339b4"
url = "https://github.com/eza-community/eza/releases/download/v0.23.5/eza_x86_64-unknown-linux-gnu.tar.gz"
url_api = "https://api.github.com/repos/eza-community/eza/releases/assets/471228887"

[[tools.fd]]
version = "10.5.0"
backend = "aqua:sharkdp/fd"
specifiers = ["latest"]

[tools.fd."platforms.linux-x64"]
checksum = "sha256:a1259cd129636efbc3fef123525c1b49e88fe5088c012630983c310e52fdfa95"
url = "https://github.com/sharkdp/fd/releases/download/v10.5.0/fd-v10.5.0-x86_64-unknown-linux-gnu.tar.gz"
url_api = "https://api.github.com/repos/sharkdp/fd/releases/assets/530481615"

[[tools.fzf]]
version = "0.74.3"
backend = "aqua:junegunn/fzf"
specifiers = ["latest"]

[tools.fzf."platforms.linux-x64"]
checksum = "sha256:3501a595e4b5c40a6b047340a0e8f805c46fd4e61ef95ef8a136ba8c61cf6f22"
url = "https://github.com/junegunn/fzf/releases/download/v0.74.3/fzf-0.74.3-linux_amd64.tar.gz"
url_api = "https://api.github.com/repos/junegunn/fzf/releases/assets/517537066"

[[tools.gh]]
version = "2.98.0"
backend = "aqua:cli/cli"
specifiers = ["latest"]

[tools.gh."platforms.linux-x64"]
checksum = "sha256:3b8ac6b30336802fc1a858d7c084e11cdf24ac1a761ca90b68022d7d729208de"
url = "https://github.com/cli/cli/releases/download/v2.98.0/gh_2.98.0_linux_amd64.tar.gz"
url_api = "https://api.github.com/repos/cli/cli/releases/assets/522857901"
provenance = "github-attestations"

[[tools."github:k1LoW/mo"]]
version = "1.6.7"
backend = "github:k1LoW/mo"
specifiers = ["latest"]

[tools."github:k1LoW/mo"."platforms.linux-x64"]
checksum = "sha256:130666a7c8dfd1528d07f87b21adf5bfc1314707889e85ebbab1a5248d7ded11"
url = "https://github.com/k1LoW/mo/releases/download/v1.6.7/mo_v1.6.7_linux_amd64.tar.gz"
url_api = "https://api.github.com/repos/k1LoW/mo/releases/assets/499857678"
provenance = "github-attestations"
provenance_verified = true

[[tools.gitui]]
version = "0.28.1"
backend = "aqua:gitui-org/gitui"
specifiers = ["latest"]

[tools.gitui."platforms.linux-x64"]
checksum = "sha256:f6149b9ae203397158b0c89c13cfde718e7121d3d3cd2ebc597f93d6628d9b5b"
url = "https://github.com/gitui-org/gitui/releases/download/v0.28.1/gitui-linux-x86_64.tar.gz"
url_api = "https://api.github.com/repos/gitui-org/gitui/releases/assets/380787855"

[[tools.glab]]
version = "1.116.0"
backend = "gitlab:gitlab-org/cli"
specifiers = ["latest"]

[tools.glab."platforms.linux-x64"]
checksum = "sha256:173cc61ea94c562f2ccd831f320d25b73982192e82810064552282482e3713ea"
url = "https://gitlab.com/gitlab-org/cli/-/releases/v1.116.0/downloads/glab_1.116.0_linux_amd64.tar.gz"
url_api = "https://gitlab.com/api/v4/projects/gitlab-org%2Fcli/packages/generic/glab/1%2E116%2E0/glab_1%2E116%2E0_linux_amd64%2Etar%2Egz"

[[tools.go]]
version = "1.27.0"
backend = "core:go"
specifiers = ["latest"]

[tools.go."platforms.linux-x64"]
checksum = "sha256:675c26c449cbb18fc24b74650de1eabbae6e16f64326fd85a283fb3b58280685"
url = "https://dl.google.com/go/go1.27.0.linux-amd64.tar.gz"

[[tools."go:golang.org/x/tools/cmd/goimports"]]
version = "0.49.0"
backend = "go:golang.org/x/tools/cmd/goimports"
specifiers = ["latest"]

[[tools.herdr]]
version = "0.8.2"
backend = "aqua:herdrdev/herdr"
specifiers = ["latest"]

[tools.herdr."platforms.linux-x64"]
checksum = "sha256:976150a14d490c94b243ea2e1a7eb2dfb67f12e36b182db90936f6728e6aecf4"
url = "https://github.com/herdrdev/herdr/releases/download/v0.8.2/herdr-linux-x86_64"
url_api = "https://api.github.com/repos/herdrdev/herdr/releases/assets/521169107"

[[tools.java]]
version = "21.0.2"
backend = "core:java"
specifiers = ["21"]

[tools.java.options]
shorthand_vendor = "openjdk"

[tools.java."platforms.linux-x64"]
checksum = "sha256:a2def047a73941e01a73739f92755f86b895811afb1f91243db214cff5bdac3f"
url = "https://download.java.net/java/GA/jdk21.0.2/f2283984656d49d69e91c558476027ac/13/GPL/openjdk-21.0.2_linux-x64_bin.tar.gz"

[[tools.node]]
version = "24.20.0"
backend = "core:node"
specifiers = ["24"]

[tools.node."platforms.linux-x64"]
checksum = "sha256:855d581f8a4eb1a8117e3426de25fe02770592febcfb31369aee1ffbfee9e8ec"
url = "https://nodejs.org/dist/v24.20.0/node-v24.20.0-linux-x64.tar.gz"

[[tools."npm:@drawio/mcp"]]
version = "1.5.0"
backend = "npm:@drawio/mcp"
specifiers = ["latest"]

[[tools."npm:@github/copilot"]]
version = "1.0.82"
backend = "npm:@github/copilot"
specifiers = ["latest"]

[[tools."npm:@google/gemini-cli"]]
version = "0.57.0"
backend = "npm:@google/gemini-cli"
specifiers = ["latest"]

[[tools."npm:@mistweaverco/kulala-fmt"]]
version = "4.5.3"
backend = "npm:@mistweaverco/kulala-fmt"
specifiers = ["latest"]

[[tools."npm:@openai/codex"]]
version = "0.152.0"
backend = "npm:@openai/codex"
specifiers = ["latest"]

[[tools."npm:aws-cdk"]]
version = "2.1139.0"
backend = "npm:aws-cdk"
specifiers = ["latest"]

[[tools."npm:browser-sync"]]
version = "3.0.4"
backend = "npm:browser-sync"
specifiers = ["latest"]

[[tools."npm:ccmanager"]]
version = "4.3.2"
backend = "npm:ccmanager"
specifiers = ["latest"]

[[tools."npm:ccstatusline"]]
version = "2.2.27"
backend = "npm:ccstatusline"
specifiers = ["latest"]

[[tools."npm:ccusage"]]
version = "20.0.20"
backend = "npm:ccusage"
specifiers = ["latest"]

[[tools."npm:difit"]]
version = "5.0.12"
backend = "npm:difit"
specifiers = ["latest"]

[tools."npm:difit".options]
trust_policy_excludes = '["cytoscape@3.34.1"]'

[[tools."npm:neovim"]]
version = "5.4.0"
backend = "npm:neovim"
specifiers = ["latest"]

[[tools."npm:npm-check-updates"]]
version = "23.1.0"
backend = "npm:npm-check-updates"
specifiers = ["latest"]

[[tools."npm:pnpm"]]
version = "11.25.0"
backend = "npm:pnpm"
specifiers = ["latest"]

[[tools."npm:prettier"]]
version = "3.9.6"
backend = "npm:prettier"
specifiers = ["latest"]

[[tools."npm:wsl-open"]]
version = "2.2.1"
backend = "npm:wsl-open"
specifiers = ["latest"]

[[tools."pipx:git-remote-codecommit"]]
version = "1.17"
backend = "pipx:git-remote-codecommit"
specifiers = ["latest"]

[[tools."pipx:python-lsp-server"]]
version = "1.15.0"
backend = "pipx:python-lsp-server"
specifiers = ["latest"]

[tools."pipx:python-lsp-server".options]
extras = "all"

[[tools."pipx:sqlfluff"]]
version = "4.3.0"
backend = "pipx:sqlfluff"
specifiers = ["latest"]

[[tools."pipx:xmlformatter"]]
version = "0.2.9"
backend = "pipx:xmlformatter"
specifiers = ["latest"]

[[tools.python]]
version = "3.14.7"
backend = "core:python"
specifiers = ["latest"]

[tools.python."platforms.linux-x64"]
checksum = "sha256:a0f39e822fd3b96a2605f30f954acf9a2cdf91faa1385a13e24bc407a41e05ea"
url = "https://github.com/astral-sh/python-build-standalone/releases/download/20260825/cpython-3.14.7+20260825-x86_64-unknown-linux-gnu-install_only_stripped.tar.gz"
provenance = "github-attestations"

[[tools.ripgrep]]
version = "15.2.0"
backend = "aqua:BurntSushi/ripgrep"
specifiers = ["latest"]

[tools.ripgrep."platforms.linux-x64"]
checksum = "sha256:33e15bcf1624b25cdd2a55813a47a2f95dbe126268203e76aa6a585d1e7b149c"
url = "https://github.com/BurntSushi/ripgrep/releases/download/15.2.0/ripgrep-15.2.0-x86_64-unknown-linux-musl.tar.gz"
url_api = "https://api.github.com/repos/BurntSushi/ripgrep/releases/assets/478120097"

[[tools.rust]]
version = "1.98.0"
backend = "core:rust"
specifiers = ["latest"]

[[tools.stylua]]
version = "2.5.2"
backend = "aqua:JohnnyMorganz/StyLua"
specifiers = ["latest"]

[tools.stylua."platforms.linux-x64"]
checksum = "sha256:ca6f1cf52eaf69e6632b81acef9c197aa24b85eb30d2455a35e7dbe28ae77c72"
url = "https://github.com/JohnnyMorganz/StyLua/releases/download/v2.5.2/stylua-linux-x86_64-musl.zip"
url_api = "https://api.github.com/repos/JohnnyMorganz/StyLua/releases/assets/421901066"

[[tools.tmux]]
version = "3.7b"
backend = "aqua:tmux/tmux-builds"
specifiers = ["latest"]

[tools.tmux."platforms.linux-x64"]
checksum = "sha256:f85e6c1c412750a774eb3f370f33bad05fc726fb8b6a0b174ad6f0b6d954df58"
url = "https://github.com/tmux/tmux-builds/releases/download/v3.7b/tmux-3.7b-linux-x86_64.tar.gz"
url_api = "https://api.github.com/repos/tmux/tmux-builds/releases/assets/465072866"

[[tools.uv]]
version = "0.12.8"
backend = "aqua:astral-sh/uv"
specifiers = ["latest"]

[tools.uv."platforms.linux-x64"]
checksum = "sha256:2e2b37e9811e17675a9e70bed5e1a58fc8c0388be63d751d72cc735188c149ff"
url = "https://github.com/astral-sh/uv/releases/download/0.12.8/uv-x86_64-unknown-linux-gnu.tar.gz"
url_api = "https://api.github.com/repos/astral-sh/uv/releases/assets/538592029"
provenance = "github-attestations"

[[tools.yazi]]
version = "26.9.1"
backend = "aqua:sxyazi/yazi"
specifiers = ["latest"]

[tools.yazi."platforms.linux-x64"]
checksum = "sha256:a02fe91d3304294048c681f010f1100856872a4e98ecf6927328e888d40a6ad2"
url = "https://github.com/sxyazi/yazi/releases/download/v26.9.1/yazi-x86_64-unknown-linux-gnu.zip"
url_api = "https://api.github.com/repos/sxyazi/yazi/releases/assets/539261400"

[[tools.yq]]
version = "4.53.6"
backend = "aqua:mikefarah/yq"
specifiers = ["latest"]

[tools.yq."platforms.linux-x64"]
checksum = "sha256:c5f056448f973ae7d39b5401949648a78f2dc1947d6a8eb65be60d5c504b9385"
url = "https://github.com/mikefarah/yq/releases/download/v4.53.6/yq_linux_amd64"
url_api = "https://api.github.com/repos/mikefarah/yq/releases/assets/522028022"
provenance = "cosign"

[[tools.zoxide]]
version = "0.10.0"
backend = "aqua:ajeetdsouza/zoxide"
specifiers = ["latest"]

[tools.zoxide."platforms.linux-x64"]
checksum = "sha256:2d93385b99f3e82cf2701609a1bffcad863fbeb75aa3fe7eb6be4d29be68b1ae"
url = "https://github.com/ajeetdsouza/zoxide/releases/download/v0.10.0/zoxide-0.10.0-x86_64-unknown-linux-musl.tar.gz"
url_api = "https://api.github.com/repos/ajeetdsouza/zoxide/releases/assets/466316293"
